
Microsoft Visual Studio Solution File, Format Version 12.00
# Visual Studio Version 16
VisualStudioVersion = 16.0.30204.135
MinimumVisualStudioVersion = 10.0.40219.1
Project("{9A19103F-16F7-4668-BE54-9A1E7A4F7556}") = "SalesWebMvc", "SalesWebMvc\SalesWebMvc.csproj", "{BECC75CC-772C-46C5-A8FC-B2AEAA4814F3}"
EndProject
Project("{FAE04EC0-301F-11D3-BF4B-00C04F79EFBC}") = "SalesWebMvcTest", "SalesWebMvcTest\SalesWebMvcTest.csproj", "{C056093C-B651-47E1-86E4-117EF0158B68}"
EndProject
Global
	GlobalSection(SolutionConfigurationPlatforms) = preSolution
		Debug|Any CPU = Debug|Any CPU
		Release|Any CPU = Release|Any CPU
	EndGlobalSection
	GlobalSection(ProjectConfigurationPlatforms) = postSolution
		{BECC75CC-772C-46C5-A8FC-B2AEAA4814F3}.Debug|Any CPU.ActiveCfg = Debug|Any CPU
		{BECC75CC-772C-46C5-A8FC-B2AEAA4814F3}.Debug|Any CPU.Build.0 = Debug|Any CPU
		{BECC75CC-772C-46C5-A8FC-B2AEAA4814F3}.Release|Any CPU.ActiveCfg = Release|Any CPU
		{BECC75CC-772C-46C5-A8FC-B2AEAA4814F3}.Release|Any CPU.Build.0 = Release|Any CPU
		{C056093C-B651-47E1-86E4-117EF0158B68}.Debug|Any CPU.ActiveCfg = Debug|Any CPU
		{C056093C-B651-47E1-86E4-117EF0158B68}.Debug|Any CPU.Build.0 = Debug|Any CPU
		{C056093C-B651-47E1-86E4-117EF0158B68}.Release|Any CPU.ActiveCfg = Release|Any CPU
		{C056093C-B651-47E1-86E4-117EF0158B68}.Release|Any CPU.Build.0 = Release|Any CPU
	EndGlobalSection
	GlobalSection(SolutionProperties) = preSolution
		HideSolutionNode = FALSE
	EndGlobalSection
	GlobalSection(ExtensibilityGlobals) = postSolution
		SolutionGuid = {7C8576AB-AAF5-4FCB-876A-AF543D7F7A02}
	EndGlobalSection
EndGlobal
